{
  "version": 4,
  "terraform_version": "1.1.4",
  "serial": 14,
  "lineage": "b1cb91c9-4ae1-8ada-8318-94328fce073e",
  "outputs": {
    "name_of_bucket": {
      "value": "tw-testinfrastructure-terraform-state",
      "type": "string"
    },
    "name_of_key": {
      "value": "alias/terraform-encryption-key",
      "type": "string"
    },
    "name_of_table": {
      "value": "terraform-state",
      "type": "string"
    }
  },
  "resources": [
    {
      "mode": "managed",
      "type": "aws_dynamodb_table",
      "name": "terraform-state",
      "provider": "provider[\"registry.terraform.io/hashicorp/aws\"]",
      "instances": [
        {
          "schema_version": 1,
          "attributes": {
            "arn": "arn:aws:dynamodb:eu-central-1:776120585128:table/terraform-state",
            "attribute": [
              {
                "name": "LockID",
                "type": "S"
              }
            ],
            "billing_mode": "PROVISIONED",
            "global_secondary_index": [],
            "hash_key": "LockID",
            "id": "terraform-state",
            "local_secondary_index": [],
            "name": "terraform-state",
            "point_in_time_recovery": [
              {
                "enabled": false
              }
            ],
            "range_key": null,
            "read_capacity": 20,
            "replica": [],
            "restore_date_time": null,
            "restore_source_name": null,
            "restore_to_latest_time": null,
            "server_side_encryption": [],
            "stream_arn": "",
            "stream_enabled": false,
            "stream_label": "",
            "stream_view_type": "",
            "table_class": "",
            "tags": {},
            "tags_all": {},
            "timeouts": null,
            "ttl": [
              {
                "attribute_name": "",
                "enabled": false
              }
            ],
            "write_capacity": 20
          },
          "sensitive_attributes": [],
          "private": "eyJlMmJmYjczMC1lY2FhLTExZTYtOGY4OC0zNDM2M2JjN2M0YzAiOnsiY3JlYXRlIjoxODAwMDAwMDAwMDAwLCJkZWxldGUiOjYwMDAwMDAwMDAwMCwidXBkYXRlIjozNjAwMDAwMDAwMDAwfSwic2NoZW1hX3ZlcnNpb24iOiIxIn0="
        }
      ]
    },
    {
      "mode": "managed",
      "type": "aws_kms_alias",
      "name": "key-alias",
      "provider": "provider[\"registry.terraform.io/hashicorp/aws\"]",
      "instances": [
        {
          "schema_version": 0,
          "attributes": {
            "arn": "arn:aws:kms:eu-central-1:776120585128:alias/terraform-encryption-key",
            "id": "alias/terraform-encryption-key",
            "name": "alias/terraform-encryption-key",
            "name_prefix": "",
            "target_key_arn": "arn:aws:kms:eu-central-1:776120585128:key/ccf709e1-3cde-4a13-a5e8-35b204b0fec8",
            "target_key_id": "ccf709e1-3cde-4a13-a5e8-35b204b0fec8"
          },
          "sensitive_attributes": [],
          "private": "bnVsbA==",
          "dependencies": [
            "aws_kms_key.terraform-encryption-key"
          ]
        }
      ]
    },
    {
      "mode": "managed",
      "type": "aws_kms_key",
      "name": "terraform-encryption-key",
      "provider": "provider[\"registry.terraform.io/hashicorp/aws\"]",
      "instances": [
        {
          "schema_version": 0,
          "attributes": {
            "arn": "arn:aws:kms:eu-central-1:776120585128:key/ccf709e1-3cde-4a13-a5e8-35b204b0fec8",
            "bypass_policy_lockout_safety_check": false,
            "customer_master_key_spec": "SYMMETRIC_DEFAULT",
            "deletion_window_in_days": 10,
            "description": "This key is used to encrypt TF state bucket objects",
            "enable_key_rotation": true,
            "id": "ccf709e1-3cde-4a13-a5e8-35b204b0fec8",
            "is_enabled": true,
            "key_id": "ccf709e1-3cde-4a13-a5e8-35b204b0fec8",
            "key_usage": "ENCRYPT_DECRYPT",
            "multi_region": false,
            "policy": "{\"Id\":\"key-default-1\",\"Statement\":[{\"Action\":\"kms:*\",\"Effect\":\"Allow\",\"Principal\":{\"AWS\":\"arn:aws:iam::776120585128:root\"},\"Resource\":\"*\",\"Sid\":\"Enable IAM User Permissions\"}],\"Version\":\"2012-10-17\"}",
            "tags": {},
            "tags_all": {}
          },
          "sensitive_attributes": [],
          "private": "bnVsbA=="
        }
      ]
    },
    {
      "mode": "managed",
      "type": "aws_s3_bucket",
      "name": "terraform-state",
      "provider": "provider[\"registry.terraform.io/hashicorp/aws\"]",
      "instances": [
        {
          "schema_version": 0,
          "attributes": {
            "acceleration_status": "",
            "acl": "private",
            "arn": "arn:aws:s3:::tw-testinfrastructure-terraform-state",
            "bucket": "tw-testinfrastructure-terraform-state",
            "bucket_domain_name": "tw-testinfrastructure-terraform-state.s3.amazonaws.com",
            "bucket_prefix": null,
            "bucket_regional_domain_name": "tw-testinfrastructure-terraform-state.s3.eu-central-1.amazonaws.com",
            "cors_rule": [],
            "force_destroy": false,
            "grant": [],
            "hosted_zone_id": "Z21DNDUVLTQW6Q",
            "id": "tw-testinfrastructure-terraform-state",
            "lifecycle_rule": [],
            "logging": [],
            "object_lock_configuration": [],
            "policy": null,
            "region": "eu-central-1",
            "replication_configuration": [],
            "request_payer": "BucketOwner",
            "server_side_encryption_configuration": [
              {
                "rule": [
                  {
                    "apply_server_side_encryption_by_default": [
                      {
                        "kms_master_key_id": "ccf709e1-3cde-4a13-a5e8-35b204b0fec8",
                        "sse_algorithm": "aws:kms"
                      }
                    ],
                    "bucket_key_enabled": false
                  }
                ]
              }
            ],
            "tags": {},
            "tags_all": {},
            "versioning": [
              {
                "enabled": true,
                "mfa_delete": false
              }
            ],
            "website": [],
            "website_domain": null,
            "website_endpoint": null
          },
          "sensitive_attributes": [],
          "private": "bnVsbA==",
          "dependencies": [
            "aws_kms_key.terraform-encryption-key"
          ]
        }
      ]
    },
    {
      "mode": "managed",
      "type": "aws_s3_bucket_public_access_block",
      "name": "block",
      "provider": "provider[\"registry.terraform.io/hashicorp/aws\"]",
      "instances": [
        {
          "schema_version": 0,
          "attributes": {
            "block_public_acls": true,
            "block_public_policy": true,
            "bucket": "tw-testinfrastructure-terraform-state",
            "id": "tw-testinfrastructure-terraform-state",
            "ignore_public_acls": true,
            "restrict_public_buckets": true
          },
          "sensitive_attributes": [],
          "private": "bnVsbA==",
          "dependencies": [
            "aws_kms_key.terraform-encryption-key",
            "aws_s3_bucket.terraform-state"
          ]
        }
      ]
    }
  ]
}
